
Microsoft Visual Studio Solution File, Format Version 12.00
# Visual Studio Version 16
VisualStudioVersion = 16.0.30002.166
MinimumVisualStudioVersion = 10.0.40219.1
Project("{9A19103F-16F7-4668-BE54-9A1E7A4F7556}") = "WebApplication1", "WebApplication1.csproj", "{D034C6B2-046C-4655-ABCE-8B3534BFAA61}"
EndProject
Project("{9A19103F-16F7-4668-BE54-9A1E7A4F7556}") = "Library.Entities", "..\Library.Entities\Library.Entities.csproj", "{1C4CE32A-EAE8-4DCD-B57B-B407B39C496E}"
EndProject
Project("{9A19103F-16F7-4668-BE54-9A1E7A4F7556}") = "Library.DAL.Impl", "..\Library.DAL.Impl\Library.DAL.Impl.csproj", "{202E12C9-7BCF-419F-95DC-D0DBE001CB7D}"
EndProject
Project("{9A19103F-16F7-4668-BE54-9A1E7A4F7556}") = "Library.DAL.Abstract", "..\Library.DAL.Abstract\Library.DAL.Abstract.csproj", "{16B9C523-44B3-4E2A-B6A4-C7C38912C884}"
EndProject
Project("{9A19103F-16F7-4668-BE54-9A1E7A4F7556}") = "Library.Bl.Impl", "..\Library.BL.Impl\Library.Bl.Impl.csproj", "{F492657B-1675-42C4-9126-2C1F69ABE422}"
	ProjectSection(ProjectDependencies) = postProject
		{4F720732-7984-421C-AC70-C8B961DFCE08} = {4F720732-7984-421C-AC70-C8B961DFCE08}
	EndProjectSection
EndProject
Project("{9A19103F-16F7-4668-BE54-9A1E7A4F7556}") = "Library.Config", "..\Library.Config\Library.Config.csproj", "{9B82801F-A2F7-4B51-9146-990F09194E6D}"
EndProject
Project("{9A19103F-16F7-4668-BE54-9A1E7A4F7556}") = "Library.Models", "..\Library.Models\Library.Models.csproj", "{455E17D1-5A1E-4C2B-8D5F-72D7EEECD1DA}"
EndProject
Project("{9A19103F-16F7-4668-BE54-9A1E7A4F7556}") = "Library.Bl.Abstract", "..\Library.BI.Abstract\Library.Bl.Abstract.csproj", "{4F720732-7984-421C-AC70-C8B961DFCE08}"
EndProject
Project("{FAE04EC0-301F-11D3-BF4B-00C04F79EFBC}") = "REST API", "..\REST API\REST API.csproj", "{2D3F681D-66AA-479E-899F-1987E7356E80}"
EndProject
Global
	GlobalSection(SolutionConfigurationPlatforms) = preSolution
		Debug|Any CPU = Debug|Any CPU
		Release|Any CPU = Release|Any CPU
	EndGlobalSection
	GlobalSection(ProjectConfigurationPlatforms) = postSolution
		{D034C6B2-046C-4655-ABCE-8B3534BFAA61}.Debug|Any CPU.ActiveCfg = Debug|Any CPU
		{D034C6B2-046C-4655-ABCE-8B3534BFAA61}.Debug|Any CPU.Build.0 = Debug|Any CPU
		{D034C6B2-046C-4655-ABCE-8B3534BFAA61}.Release|Any CPU.ActiveCfg = Release|Any CPU
		{D034C6B2-046C-4655-ABCE-8B3534BFAA61}.Release|Any CPU.Build.0 = Release|Any CPU
		{1C4CE32A-EAE8-4DCD-B57B-B407B39C496E}.Debug|Any CPU.ActiveCfg = Debug|Any CPU
		{1C4CE32A-EAE8-4DCD-B57B-B407B39C496E}.Debug|Any CPU.Build.0 = Debug|Any CPU
		{1C4CE32A-EAE8-4DCD-B57B-B407B39C496E}.Release|Any CPU.ActiveCfg = Release|Any CPU
		{1C4CE32A-EAE8-4DCD-B57B-B407B39C496E}.Release|Any CPU.Build.0 = Release|Any CPU
		{202E12C9-7BCF-419F-95DC-D0DBE001CB7D}.Debug|Any CPU.ActiveCfg = Debug|Any CPU
		{202E12C9-7BCF-419F-95DC-D0DBE001CB7D}.Debug|Any CPU.Build.0 = Debug|Any CPU
		{202E12C9-7BCF-419F-95DC-D0DBE001CB7D}.Release|Any CPU.ActiveCfg = Release|Any CPU
		{202E12C9-7BCF-419F-95DC-D0DBE001CB7D}.Release|Any CPU.Build.0 = Release|Any CPU
		{16B9C523-44B3-4E2A-B6A4-C7C38912C884}.Debug|Any CPU.ActiveCfg = Debug|Any CPU
		{16B9C523-44B3-4E2A-B6A4-C7C38912C884}.Debug|Any CPU.Build.0 = Debug|Any CPU
		{16B9C523-44B3-4E2A-B6A4-C7C38912C884}.Release|Any CPU.ActiveCfg = Release|Any CPU
		{16B9C523-44B3-4E2A-B6A4-C7C38912C884}.Release|Any CPU.Build.0 = Release|Any CPU
		{F492657B-1675-42C4-9126-2C1F69ABE422}.Debug|Any CPU.ActiveCfg = Debug|Any CPU
		{F492657B-1675-42C4-9126-2C1F69ABE422}.Debug|Any CPU.Build.0 = Debug|Any CPU
		{F492657B-1675-42C4-9126-2C1F69ABE422}.Release|Any CPU.ActiveCfg = Release|Any CPU
		{F492657B-1675-42C4-9126-2C1F69ABE422}.Release|Any CPU.Build.0 = Release|Any CPU
		{9B82801F-A2F7-4B51-9146-990F09194E6D}.Debug|Any CPU.ActiveCfg = Debug|Any CPU
		{9B82801F-A2F7-4B51-9146-990F09194E6D}.Debug|Any CPU.Build.0 = Debug|Any CPU
		{9B82801F-A2F7-4B51-9146-990F09194E6D}.Release|Any CPU.ActiveCfg = Release|Any CPU
		{9B82801F-A2F7-4B51-9146-990F09194E6D}.Release|Any CPU.Build.0 = Release|Any CPU
		{455E17D1-5A1E-4C2B-8D5F-72D7EEECD1DA}.Debug|Any CPU.ActiveCfg = Debug|Any CPU
		{455E17D1-5A1E-4C2B-8D5F-72D7EEECD1DA}.Debug|Any CPU.Build.0 = Debug|Any CPU
		{455E17D1-5A1E-4C2B-8D5F-72D7EEECD1DA}.Release|Any CPU.ActiveCfg = Release|Any CPU
		{455E17D1-5A1E-4C2B-8D5F-72D7EEECD1DA}.Release|Any CPU.Build.0 = Release|Any CPU
		{4F720732-7984-421C-AC70-C8B961DFCE08}.Debug|Any CPU.ActiveCfg = Debug|Any CPU
		{4F720732-7984-421C-AC70-C8B961DFCE08}.Debug|Any CPU.Build.0 = Debug|Any CPU
		{4F720732-7984-421C-AC70-C8B961DFCE08}.Release|Any CPU.ActiveCfg = Release|Any CPU
		{4F720732-7984-421C-AC70-C8B961DFCE08}.Release|Any CPU.Build.0 = Release|Any CPU
		{2D3F681D-66AA-479E-899F-1987E7356E80}.Debug|Any CPU.ActiveCfg = Debug|Any CPU
		{2D3F681D-66AA-479E-899F-1987E7356E80}.Debug|Any CPU.Build.0 = Debug|Any CPU
		{2D3F681D-66AA-479E-899F-1987E7356E80}.Release|Any CPU.ActiveCfg = Release|Any CPU
		{2D3F681D-66AA-479E-899F-1987E7356E80}.Release|Any CPU.Build.0 = Release|Any CPU
	EndGlobalSection
	GlobalSection(SolutionProperties) = preSolution
		HideSolutionNode = FALSE
	EndGlobalSection
	GlobalSection(ExtensibilityGlobals) = postSolution
		SolutionGuid = {D06BBD96-87A7-4674-BAB5-91E50D969883}
	EndGlobalSection
EndGlobal
